
Microsoft Visual Studio Solution File, Format Version 12.00
# Visual Studio Version 17
VisualStudioVersion = 17.1.31903.286
MinimumVisualStudioVersion = 10.0.40219.1
Project("{FAE04EC0-301F-11D3-BF4B-00C04F79EFBC}") = "EllieBell", "EllieBell\EllieBell.csproj", "{36AF1EA8-C704-43BE-9008-551A5C6BBA0E}"
EndProject
Global
	GlobalSection(SolutionConfigurationPlatforms) = preSolution
		Debug|Any CPU = Debug|Any CPU
		Release|Any CPU = Release|Any CPU
	EndGlobalSection
	GlobalSection(ProjectConfigurationPlatforms) = postSolution
		{36AF1EA8-C704-43BE-9008-551A5C6BBA0E}.Debug|Any CPU.ActiveCfg = Debug|Any CPU
		{36AF1EA8-C704-43BE-9008-551A5C6BBA0E}.Debug|Any CPU.Build.0 = Debug|Any CPU
		{36AF1EA8-C704-43BE-9008-551A5C6BBA0E}.Release|Any CPU.ActiveCfg = Release|Any CPU
		{36AF1EA8-C704-43BE-9008-551A5C6BBA0E}.Release|Any CPU.Build.0 = Release|Any CPU
	EndGlobalSection
	GlobalSection(SolutionProperties) = preSolution
		HideSolutionNode = FALSE
	EndGlobalSection
	GlobalSection(ExtensibilityGlobals) = postSolution
		SolutionGuid = {1261A640-DA3D-44B3-A495-09865DEEF6F5}
	EndGlobalSection
EndGlobal
